
Microsoft Visual Studio Solution File, Format Version 12.00
# Visual Studio Version 17
VisualStudioVersion = 17.1.32210.238
MinimumVisualStudioVersion = 10.0.40219.1
Project("{FAE04EC0-301F-11D3-BF4B-00C04F79EFBC}") = "FinanceTracker.WPF", "FinanceTracker.WPF\FinanceTracker.WPF.csproj", "{BA93B8B4-1825-446A-84F9-57AFA0A66248}"
EndProject
Project("{FAE04EC0-301F-11D3-BF4B-00C04F79EFBC}") = "FinanceTracker.Models", "FinanceTracker.Models\FinanceTracker.Models.csproj", "{115D9103-50F4-4DF0-8D43-1AD5FDBE3317}"
EndProject
Global
	GlobalSection(SolutionConfigurationPlatforms) = preSolution
		Debug|Any CPU = Debug|Any CPU
		Release|Any CPU = Release|Any CPU
	EndGlobalSection
	GlobalSection(ProjectConfigurationPlatforms) = postSolution
		{BA93B8B4-1825-446A-84F9-57AFA0A66248}.Debug|Any CPU.ActiveCfg = Debug|Any CPU
		{BA93B8B4-1825-446A-84F9-57AFA0A66248}.Debug|Any CPU.Build.0 = Debug|Any CPU
		{BA93B8B4-1825-446A-84F9-57AFA0A66248}.Release|Any CPU.ActiveCfg = Release|Any CPU
		{BA93B8B4-1825-446A-84F9-57AFA0A66248}.Release|Any CPU.Build.0 = Release|Any CPU
		{115D9103-50F4-4DF0-8D43-1AD5FDBE3317}.Debug|Any CPU.ActiveCfg = Debug|Any CPU
		{115D9103-50F4-4DF0-8D43-1AD5FDBE3317}.Debug|Any CPU.Build.0 = Debug|Any CPU
		{115D9103-50F4-4DF0-8D43-1AD5FDBE3317}.Release|Any CPU.ActiveCfg = Release|Any CPU
		{115D9103-50F4-4DF0-8D43-1AD5FDBE3317}.Release|Any CPU.Build.0 = Release|Any CPU
	EndGlobalSection
	GlobalSection(SolutionProperties) = preSolution
		HideSolutionNode = FALSE
	EndGlobalSection
	GlobalSection(ExtensibilityGlobals) = postSolution
		SolutionGuid = {4EB3B782-061E-486F-A395-80871E8F0773}
	EndGlobalSection
EndGlobal
